
Microsoft Visual Studio Solution File, Format Version 12.00
# Visual Studio 2013
Project("{FAE04EC0-301F-11D3-BF4B-00C04F79EFBC}") = "UnityVS.Know Thyself.CSharp", "UnityVS.Know Thyself.CSharp.csproj", "{84C9B8B4-CCEB-7999-4E01-25C6E47EFDF7}"
EndProject
Project("{FAE04EC0-301F-11D3-BF4B-00C04F79EFBC}") = "UnityVS.Know Thyself.CSharp.Plugins", "UnityVS.Know Thyself.CSharp.Plugins.csproj", "{8C0814F9-C816-4CE7-71D2-000AF0A86AB8}"
EndProject
Global
	GlobalSection(SolutionConfigurationPlatforms) = preSolution
		Debug|Any CPU = Debug|Any CPU
		Release|Any CPU = Release|Any CPU
	EndGlobalSection
	GlobalSection(ProjectConfigurationPlatforms) = postSolution
		{84C9B8B4-CCEB-7999-4E01-25C6E47EFDF7}.Debug|Any CPU.ActiveCfg = Debug|Any CPU
		{84C9B8B4-CCEB-7999-4E01-25C6E47EFDF7}.Debug|Any CPU.Build.0 = Debug|Any CPU
		{84C9B8B4-CCEB-7999-4E01-25C6E47EFDF7}.Release|Any CPU.ActiveCfg = Release|Any CPU
		{84C9B8B4-CCEB-7999-4E01-25C6E47EFDF7}.Release|Any CPU.Build.0 = Release|Any CPU
		{8C0814F9-C816-4CE7-71D2-000AF0A86AB8}.Debug|Any CPU.ActiveCfg = Debug|Any CPU
		{8C0814F9-C816-4CE7-71D2-000AF0A86AB8}.Debug|Any CPU.Build.0 = Debug|Any CPU
		{8C0814F9-C816-4CE7-71D2-000AF0A86AB8}.Release|Any CPU.ActiveCfg = Release|Any CPU
		{8C0814F9-C816-4CE7-71D2-000AF0A86AB8}.Release|Any CPU.Build.0 = Release|Any CPU
	EndGlobalSection
	GlobalSection(SolutionProperties) = preSolution
		HideSolutionNode = FALSE
	EndGlobalSection
EndGlobal
